
Microsoft Visual Studio Solution File, Format Version 12.00
# Visual Studio Version 17
VisualStudioVersion = 17.1.32210.238
MinimumVisualStudioVersion = 10.0.40219.1
Project("{FAE04EC0-301F-11D3-BF4B-00C04F79EFBC}") = "DomainLayer", "DomainLayer\DomainLayer.csproj", "{315BDF1B-6A40-4C79-99A2-A7C933E8B166}"
EndProject
Global
	GlobalSection(SolutionConfigurationPlatforms) = preSolution
		Debug|Any CPU = Debug|Any CPU
		Release|Any CPU = Release|Any CPU
	EndGlobalSection
	GlobalSection(ProjectConfigurationPlatforms) = postSolution
		{315BDF1B-6A40-4C79-99A2-A7C933E8B166}.Debug|Any CPU.ActiveCfg = Debug|Any CPU
		{315BDF1B-6A40-4C79-99A2-A7C933E8B166}.Debug|Any CPU.Build.0 = Debug|Any CPU
		{315BDF1B-6A40-4C79-99A2-A7C933E8B166}.Release|Any CPU.ActiveCfg = Release|Any CPU
		{315BDF1B-6A40-4C79-99A2-A7C933E8B166}.Release|Any CPU.Build.0 = Release|Any CPU
	EndGlobalSection
	GlobalSection(SolutionProperties) = preSolution
		HideSolutionNode = FALSE
	EndGlobalSection
	GlobalSection(ExtensibilityGlobals) = postSolution
		SolutionGuid = {05B1EB44-1EC3-4CAC-A565-683FD58EA6E2}
	EndGlobalSection
EndGlobal
